
Microsoft Visual Studio Solution File, Format Version 12.00
# Visual Studio 14
VisualStudioVersion = 14.0.25420.1
MinimumVisualStudioVersion = 10.0.40219.1
Project("{8BC9CEB8-8B4A-11D0-8D11-00A0C91BC942}") = "lab6", "lab6\lab6.vcxproj", "{C6FED5D4-45DB-4386-B4DC-D33ADE89E575}"
EndProject
Project("{8BC9CEB8-8B4A-11D0-8D11-00A0C91BC942}") = "lab2", "lab2\lab2.vcxproj", "{4A7DD7F2-54AF-4857-B037-ABC333004CD0}"
EndProject
Project("{8BC9CEB8-8B4A-11D0-8D11-00A0C91BC942}") = "lab3", "lab3\lab3.vcxproj", "{1B6FC806-3722-4FCD-90F2-DF5E0E717AD8}"
EndProject
Project("{8BC9CEB8-8B4A-11D0-8D11-00A0C91BC942}") = "lab4", "lab4\lab4.vcxproj", "{E26BDD59-865B-4522-A5FB-32BEBBC0A10C}"
EndProject
Project("{8BC9CEB8-8B4A-11D0-8D11-00A0C91BC942}") = "lab5", "lab5\lab5.vcxproj", "{B3956629-99C4-4A3F-A8CF-4797B8696382}"
EndProject
Project("{8BC9CEB8-8B4A-11D0-8D11-00A0C91BC942}") = "lab7", "lab7\lab7.vcxproj", "{6009DF3F-72DE-4E79-8C74-735E5634EB32}"
EndProject
Project("{8BC9CEB8-8B4A-11D0-8D11-00A0C91BC942}") = "lab9", "lab9\lab9.vcxproj", "{27379415-35A0-4D33-900E-489F66DBA89B}"
EndProject
Project("{8BC9CEB8-8B4A-11D0-8D11-00A0C91BC942}") = "lab8", "lab8\lab8.vcxproj", "{569F4E97-6687-41EE-B08D-F67D45250AA7}"
EndProject
Project("{8BC9CEB8-8B4A-11D0-8D11-00A0C91BC942}") = "lab10", "lab10\lab10.vcxproj", "{47D03D6C-B910-4150-B256-2293E721CB54}"
EndProject
Project("{8BC9CEB8-8B4A-11D0-8D11-00A0C91BC942}") = "lab11", "lab11\lab11.vcxproj", "{8EDAAEC1-BA85-42C9-A1B9-95B7AB75D9FD}"
EndProject
Global
	GlobalSection(SolutionConfigurationPlatforms) = preSolution
		Debug|x64 = Debug|x64
		Debug|x86 = Debug|x86
		Release|x64 = Release|x64
		Release|x86 = Release|x86
	EndGlobalSection
	GlobalSection(ProjectConfigurationPlatforms) = postSolution
		{C6FED5D4-45DB-4386-B4DC-D33ADE89E575}.Debug|x64.ActiveCfg = Debug|x64
		{C6FED5D4-45DB-4386-B4DC-D33ADE89E575}.Debug|x64.Build.0 = Debug|x64
		{C6FED5D4-45DB-4386-B4DC-D33ADE89E575}.Debug|x86.ActiveCfg = Debug|Win32
		{C6FED5D4-45DB-4386-B4DC-D33ADE89E575}.Debug|x86.Build.0 = Debug|Win32
		{C6FED5D4-45DB-4386-B4DC-D33ADE89E575}.Release|x64.ActiveCfg = Release|x64
		{C6FED5D4-45DB-4386-B4DC-D33ADE89E575}.Release|x64.Build.0 = Release|x64
		{C6FED5D4-45DB-4386-B4DC-D33ADE89E575}.Release|x86.ActiveCfg = Release|Win32
		{C6FED5D4-45DB-4386-B4DC-D33ADE89E575}.Release|x86.Build.0 = Release|Win32
		{4A7DD7F2-54AF-4857-B037-ABC333004CD0}.Debug|x64.ActiveCfg = Debug|x64
		{4A7DD7F2-54AF-4857-B037-ABC333004CD0}.Debug|x64.Build.0 = Debug|x64
		{4A7DD7F2-54AF-4857-B037-ABC333004CD0}.Debug|x86.ActiveCfg = Debug|Win32
		{4A7DD7F2-54AF-4857-B037-ABC333004CD0}.Debug|x86.Build.0 = Debug|Win32
		{4A7DD7F2-54AF-4857-B037-ABC333004CD0}.Release|x64.ActiveCfg = Release|x64
		{4A7DD7F2-54AF-4857-B037-ABC333004CD0}.Release|x64.Build.0 = Release|x64
		{4A7DD7F2-54AF-4857-B037-ABC333004CD0}.Release|x86.ActiveCfg = Release|Win32
		{4A7DD7F2-54AF-4857-B037-ABC333004CD0}.Release|x86.Build.0 = Release|Win32
		{1B6FC806-3722-4FCD-90F2-DF5E0E717AD8}.Debug|x64.ActiveCfg = Debug|x64
		{1B6FC806-3722-4FCD-90F2-DF5E0E717AD8}.Debug|x64.Build.0 = Debug|x64
		{1B6FC806-3722-4FCD-90F2-DF5E0E717AD8}.Debug|x86.ActiveCfg = Debug|Win32
		{1B6FC806-3722-4FCD-90F2-DF5E0E717AD8}.Debug|x86.Build.0 = Debug|Win32
		{1B6FC806-3722-4FCD-90F2-DF5E0E717AD8}.Release|x64.ActiveCfg = Release|x64
		{1B6FC806-3722-4FCD-90F2-DF5E0E717AD8}.Release|x64.Build.0 = Release|x64
		{1B6FC806-3722-4FCD-90F2-DF5E0E717AD8}.Release|x86.ActiveCfg = Release|Win32
		{1B6FC806-3722-4FCD-90F2-DF5E0E717AD8}.Release|x86.Build.0 = Release|Win32
		{E26BDD59-865B-4522-A5FB-32BEBBC0A10C}.Debug|x64.ActiveCfg = Debug|x64
		{E26BDD59-865B-4522-A5FB-32BEBBC0A10C}.Debug|x64.Build.0 = Debug|x64
		{E26BDD59-865B-4522-A5FB-32BEBBC0A10C}.Debug|x86.ActiveCfg = Debug|Win32
		{E26BDD59-865B-4522-A5FB-32BEBBC0A10C}.Debug|x86.Build.0 = Debug|Win32
		{E26BDD59-865B-4522-A5FB-32BEBBC0A10C}.Release|x64.ActiveCfg = Release|x64
		{E26BDD59-865B-4522-A5FB-32BEBBC0A10C}.Release|x64.Build.0 = Release|x64
		{E26BDD59-865B-4522-A5FB-32BEBBC0A10C}.Release|x86.ActiveCfg = Release|Win32
		{E26BDD59-865B-4522-A5FB-32BEBBC0A10C}.Release|x86.Build.0 = Release|Win32
		{B3956629-99C4-4A3F-A8CF-4797B8696382}.Debug|x64.ActiveCfg = Debug|x64
		{B3956629-99C4-4A3F-A8CF-4797B8696382}.Debug|x64.Build.0 = Debug|x64
		{B3956629-99C4-4A3F-A8CF-4797B8696382}.Debug|x86.ActiveCfg = Debug|Win32
		{B3956629-99C4-4A3F-A8CF-4797B8696382}.Debug|x86.Build.0 = Debug|Win32
		{B3956629-99C4-4A3F-A8CF-4797B8696382}.Release|x64.ActiveCfg = Release|x64
		{B3956629-99C4-4A3F-A8CF-4797B8696382}.Release|x64.Build.0 = Release|x64
		{B3956629-99C4-4A3F-A8CF-4797B8696382}.Release|x86.ActiveCfg = Release|Win32
		{B3956629-99C4-4A3F-A8CF-4797B8696382}.Release|x86.Build.0 = Release|Win32
		{6009DF3F-72DE-4E79-8C74-735E5634EB32}.Debug|x64.ActiveCfg = Debug|x64
		{6009DF3F-72DE-4E79-8C74-735E5634EB32}.Debug|x64.Build.0 = Debug|x64
		{6009DF3F-72DE-4E79-8C74-735E5634EB32}.Debug|x86.ActiveCfg = Debug|Win32
		{6009DF3F-72DE-4E79-8C74-735E5634EB32}.Debug|x86.Build.0 = Debug|Win32
		{6009DF3F-72DE-4E79-8C74-735E5634EB32}.Release|x64.ActiveCfg = Release|x64
		{6009DF3F-72DE-4E79-8C74-735E5634EB32}.Release|x64.Build.0 = Release|x64
		{6009DF3F-72DE-4E79-8C74-735E5634EB32}.Release|x86.ActiveCfg = Release|Win32
		{6009DF3F-72DE-4E79-8C74-735E5634EB32}.Release|x86.Build.0 = Release|Win32
		{27379415-35A0-4D33-900E-489F66DBA89B}.Debug|x64.ActiveCfg = Debug|x64
		{27379415-35A0-4D33-900E-489F66DBA89B}.Debug|x64.Build.0 = Debug|x64
		{27379415-35A0-4D33-900E-489F66DBA89B}.Debug|x86.ActiveCfg = Debug|Win32
		{27379415-35A0-4D33-900E-489F66DBA89B}.Debug|x86.Build.0 = Debug|Win32
		{27379415-35A0-4D33-900E-489F66DBA89B}.Release|x64.ActiveCfg = Release|x64
		{27379415-35A0-4D33-900E-489F66DBA89B}.Release|x64.Build.0 = Release|x64
		{27379415-35A0-4D33-900E-489F66DBA89B}.Release|x86.ActiveCfg = Release|Win32
		{27379415-35A0-4D33-900E-489F66DBA89B}.Release|x86.Build.0 = Release|Win32
		{569F4E97-6687-41EE-B08D-F67D45250AA7}.Debug|x64.ActiveCfg = Debug|x64
		{569F4E97-6687-41EE-B08D-F67D45250AA7}.Debug|x64.Build.0 = Debug|x64
		{569F4E97-6687-41EE-B08D-F67D45250AA7}.Debug|x86.ActiveCfg = Debug|Win32
		{569F4E97-6687-41EE-B08D-F67D45250AA7}.Debug|x86.Build.0 = Debug|Win32
		{569F4E97-6687-41EE-B08D-F67D45250AA7}.Release|x64.ActiveCfg = Release|x64
		{569F4E97-6687-41EE-B08D-F67D45250AA7}.Release|x64.Build.0 = Release|x64
		{569F4E97-6687-41EE-B08D-F67D45250AA7}.Release|x86.ActiveCfg = Release|Win32
		{569F4E97-6687-41EE-B08D-F67D45250AA7}.Release|x86.Build.0 = Release|Win32
		{47D03D6C-B910-4150-B256-2293E721CB54}.Debug|x64.ActiveCfg = Debug|x64
		{47D03D6C-B910-4150-B256-2293E721CB54}.Debug|x64.Build.0 = Debug|x64
		{47D03D6C-B910-4150-B256-2293E721CB54}.Debug|x86.ActiveCfg = Debug|Win32
		{47D03D6C-B910-4150-B256-2293E721CB54}.Debug|x86.Build.0 = Debug|Win32
		{47D03D6C-B910-4150-B256-2293E721CB54}.Release|x64.ActiveCfg = Release|x64
		{47D03D6C-B910-4150-B256-2293E721CB54}.Release|x64.Build.0 = Release|x64
		{47D03D6C-B910-4150-B256-2293E721CB54}.Release|x86.ActiveCfg = Release|Win32
		{47D03D6C-B910-4150-B256-2293E721CB54}.Release|x86.Build.0 = Release|Win32
		{8EDAAEC1-BA85-42C9-A1B9-95B7AB75D9FD}.Debug|x64.ActiveCfg = Debug|x64
		{8EDAAEC1-BA85-42C9-A1B9-95B7AB75D9FD}.Debug|x64.Build.0 = Debug|x64
		{8EDAAEC1-BA85-42C9-A1B9-95B7AB75D9FD}.Debug|x86.ActiveCfg = Debug|Win32
		{8EDAAEC1-BA85-42C9-A1B9-95B7AB75D9FD}.Debug|x86.Build.0 = Debug|Win32
		{8EDAAEC1-BA85-42C9-A1B9-95B7AB75D9FD}.Release|x64.ActiveCfg = Release|x64
		{8EDAAEC1-BA85-42C9-A1B9-95B7AB75D9FD}.Release|x64.Build.0 = Release|x64
		{8EDAAEC1-BA85-42C9-A1B9-95B7AB75D9FD}.Release|x86.ActiveCfg = Release|Win32
		{8EDAAEC1-BA85-42C9-A1B9-95B7AB75D9FD}.Release|x86.Build.0 = Release|Win32
	EndGlobalSection
	GlobalSection(SolutionProperties) = preSolution
		HideSolutionNode = FALSE
	EndGlobalSection
EndGlobal
